// !$*UTF8*$!
{
	archiveVersion = 1;
	classes = {
	};
	objectVersion = 50;
	objects = {

/* Begin PBXBuildFile section */
		092FEE4923C1378D00060CCE /* FrequencyPicker.swift in Sources */ = {isa = PBXBuildFile; fileRef = 092FEE4823C1378D00060CCE /* FrequencyPicker.swift */; };
		095C5E0823BD3FCB00C59435 /* AppDelegate.swift in Sources */ = {isa = PBXBuildFile; fileRef = 095C5E0723BD3FCB00C59435 /* AppDelegate.swift */; };
		095C5E0A23BD3FCB00C59435 /* SceneDelegate.swift in Sources */ = {isa = PBXBuildFile; fileRef = 095C5E0923BD3FCB00C59435 /* SceneDelegate.swift */; };
		095C5E0F23BD3FCB00C59435 /* Main.storyboard in Resources */ = {isa = PBXBuildFile; fileRef = 095C5E0D23BD3FCB00C59435 /* Main.storyboard */; };
		095C5E1123BD3FCC00C59435 /* Assets.xcassets in Resources */ = {isa = PBXBuildFile; fileRef = 095C5E1023BD3FCC00C59435 /* Assets.xcassets */; };
		095C5E1423BD3FCC00C59435 /* LaunchScreen.storyboard in Resources */ = {isa = PBXBuildFile; fileRef = 095C5E1223BD3FCC00C59435 /* LaunchScreen.storyboard */; };
		095C5E1F23BD3FCD00C59435 /* CleanReminderTests.swift in Sources */ = {isa = PBXBuildFile; fileRef = 095C5E1E23BD3FCD00C59435 /* CleanReminderTests.swift */; };
		095C5E2A23BD43E000C59435 /* SpotListViewController.swift in Sources */ = {isa = PBXBuildFile; fileRef = 095C5E2923BD43E000C59435 /* SpotListViewController.swift */; };
		095C5E2C23BD487F00C59435 /* SpotDetailViewController.swift in Sources */ = {isa = PBXBuildFile; fileRef = 095C5E2B23BD487F00C59435 /* SpotDetailViewController.swift */; };
		095C5E2E23BD499100C59435 /* CoreDataStack.swift in Sources */ = {isa = PBXBuildFile; fileRef = 095C5E2D23BD499100C59435 /* CoreDataStack.swift */; };
		095C5E3123BD4B0F00C59435 /* CleanReminder.xcdatamodeld in Sources */ = {isa = PBXBuildFile; fileRef = 095C5E2F23BD4B0F00C59435 /* CleanReminder.xcdatamodeld */; };
		096F34DE23BE716A00FDC923 /* Frequency.swift in Sources */ = {isa = PBXBuildFile; fileRef = 096F34DD23BE716A00FDC923 /* Frequency.swift */; };
		09BBC44B23C12F8B00D1EFA7 /* Spot+CoreDataClass.swift in Sources */ = {isa = PBXBuildFile; fileRef = 09BBC44923C12F8B00D1EFA7 /* Spot+CoreDataClass.swift */; };
		09DF07A723C3C5ED00131A3C /* SpotTableViewCell.swift in Sources */ = {isa = PBXBuildFile; fileRef = 09DF07A523C3C5ED00131A3C /* SpotTableViewCell.swift */; };
		09DF07A823C3C5ED00131A3C /* SpotTableViewCell.xib in Resources */ = {isa = PBXBuildFile; fileRef = 09DF07A623C3C5ED00131A3C /* SpotTableViewCell.xib */; };
		B16C271323C4DF440029DDE6 /* Collection+Extensions.swift in Sources */ = {isa = PBXBuildFile; fileRef = B16C271223C4DF440029DDE6 /* Collection+Extensions.swift */; };
		B16C271523C4DF6A0029DDE6 /* NSManagedObjectContext+Extensions.swift in Sources */ = {isa = PBXBuildFile; fileRef = B16C271423C4DF6A0029DDE6 /* NSManagedObjectContext+Extensions.swift */; };
/* End PBXBuildFile section */

/* Begin PBXContainerItemProxy section */
		095C5E1B23BD3FCD00C59435 /* PBXContainerItemProxy */ = {
			isa = PBXContainerItemProxy;
			containerPortal = 095C5DFC23BD3FCB00C59435 /* Project object */;
			proxyType = 1;
			remoteGlobalIDString = 095C5E0323BD3FCB00C59435;
			remoteInfo = CleanReminder;
		};
/* End PBXContainerItemProxy section */

/* Begin PBXFileReference section */
		092FEE4823C1378D00060CCE /* FrequencyPicker.swift */ = {isa = PBXFileReference; lastKnownFileType = sourcecode.swift; path = FrequencyPicker.swift; sourceTree = "<group>"; };
		095C5E0423BD3FCB00C59435 /* CleanReminder.app */ = {isa = PBXFileReference; explicitFileType = wrapper.application; includeInIndex = 0; path = CleanReminder.app; sourceTree = BUILT_PRODUCTS_DIR; };
		095C5E0723BD3FCB00C59435 /* AppDelegate.swift */ = {isa = PBXFileReference; lastKnownFileType = sourcecode.swift; path = AppDelegate.swift; sourceTree = "<group>"; };
		095C5E0923BD3FCB00C59435 /* SceneDelegate.swift */ = {isa = PBXFileReference; lastKnownFileType = sourcecode.swift; path = SceneDelegate.swift; sourceTree = "<group>"; };
		095C5E0E23BD3FCB00C59435 /* Base */ = {isa = PBXFileReference; lastKnownFileType = file.storyboard; name = Base; path = Base.lproj/Main.storyboard; sourceTree = "<group>"; };
		095C5E1023BD3FCC00C59435 /* Assets.xcassets */ = {isa = PBXFileReference; lastKnownFileType = folder.assetcatalog; path = Assets.xcassets; sourceTree = "<group>"; };
		095C5E1323BD3FCC00C59435 /* Base */ = {isa = PBXFileReference; lastKnownFileType = file.storyboard; name = Base; path = Base.lproj/LaunchScreen.storyboard; sourceTree = "<group>"; };
		095C5E1523BD3FCC00C59435 /* Info.plist */ = {isa = PBXFileReference; lastKnownFileType = text.plist.xml; path = Info.plist; sourceTree = "<group>"; };
		095C5E1A23BD3FCD00C59435 /* CleanReminderTests.xctest */ = {isa = PBXFileReference; explicitFileType = wrapper.cfbundle; includeInIndex = 0; path = CleanReminderTests.xctest; sourceTree = BUILT_PRODUCTS_DIR; };
		095C5E1E23BD3FCD00C59435 /* CleanReminderTests.swift */ = {isa = PBXFileReference; lastKnownFileType = sourcecode.swift; path = CleanReminderTests.swift; sourceTree = "<group>"; };
		095C5E2023BD3FCD00C59435 /* Info.plist */ = {isa = PBXFileReference; lastKnownFileType = text.plist.xml; path = Info.plist; sourceTree = "<group>"; };
		095C5E2923BD43E000C59435 /* SpotListViewController.swift */ = {isa = PBXFileReference; lastKnownFileType = sourcecode.swift; path = SpotListViewController.swift; sourceTree = "<group>"; };
		095C5E2B23BD487F00C59435 /* SpotDetailViewController.swift */ = {isa = PBXFileReference; lastKnownFileType = sourcecode.swift; path = SpotDetailViewController.swift; sourceTree = "<group>"; };
		095C5E2D23BD499100C59435 /* CoreDataStack.swift */ = {isa = PBXFileReference; lastKnownFileType = sourcecode.swift; path = CoreDataStack.swift; sourceTree = "<group>"; };
		095C5E3023BD4B0F00C59435 /* CleanReminder.xcdatamodel */ = {isa = PBXFileReference; lastKnownFileType = wrapper.xcdatamodel; path = CleanReminder.xcdatamodel; sourceTree = "<group>"; };
		096F34DD23BE716A00FDC923 /* Frequency.swift */ = {isa = PBXFileReference; lastKnownFileType = sourcecode.swift; path = Frequency.swift; sourceTree = "<group>"; };
		09BBC44923C12F8B00D1EFA7 /* Spot+CoreDataClass.swift */ = {isa = PBXFileReference; lastKnownFileType = sourcecode.swift; path = "Spot+CoreDataClass.swift"; sourceTree = "<group>"; };
		09DF07A523C3C5ED00131A3C /* SpotTableViewCell.swift */ = {isa = PBXFileReference; lastKnownFileType = sourcecode.swift; path = SpotTableViewCell.swift; sourceTree = "<group>"; };
		09DF07A623C3C5ED00131A3C /* SpotTableViewCell.xib */ = {isa = PBXFileReference; lastKnownFileType = file.xib; path = SpotTableViewCell.xib; sourceTree = "<group>"; };
		09DF07B023C8E25800131A3C /* CleanReminderTests.xctestplan */ = {isa = PBXFileReference; lastKnownFileType = text; path = CleanReminderTests.xctestplan; sourceTree = "<group>"; };
		B16C271223C4DF440029DDE6 /* Collection+Extensions.swift */ = {isa = PBXFileReference; lastKnownFileType = sourcecode.swift; path = "Collection+Extensions.swift"; sourceTree = "<group>"; };
		B16C271423C4DF6A0029DDE6 /* NSManagedObjectContext+Extensions.swift */ = {isa = PBXFileReference; lastKnownFileType = sourcecode.swift; path = "NSManagedObjectContext+Extensions.swift"; sourceTree = "<group>"; };
/* End PBXFileReference section */

/* Begin PBXFrameworksBuildPhase section */
		095C5E0123BD3FCB00C59435 /* Frameworks */ = {
			isa = PBXFrameworksBuildPhase;
			buildActionMask = 2147483647;
			files = (
			);
			runOnlyForDeploymentPostprocessing = 0;
		};
		095C5E1723BD3FCD00C59435 /* Frameworks */ = {
			isa = PBXFrameworksBuildPhase;
			buildActionMask = 2147483647;
			files = (
			);
			runOnlyForDeploymentPostprocessing = 0;
		};
/* End PBXFrameworksBuildPhase section */

/* Begin PBXGroup section */
		095C5DFB23BD3FCB00C59435 = {
			isa = PBXGroup;
			children = (
				095C5E0623BD3FCB00C59435 /* CleanReminder */,
				095C5E1D23BD3FCD00C59435 /* CleanReminderTests */,
				095C5E0523BD3FCB00C59435 /* Products */,
			);
			sourceTree = "<group>";
		};
		095C5E0523BD3FCB00C59435 /* Products */ = {
			isa = PBXGroup;
			children = (
				095C5E0423BD3FCB00C59435 /* CleanReminder.app */,
				095C5E1A23BD3FCD00C59435 /* CleanReminderTests.xctest */,
			);
			name = Products;
			sourceTree = "<group>";
		};
		095C5E0623BD3FCB00C59435 /* CleanReminder */ = {
			isa = PBXGroup;
			children = (
				B16C271723C4E06C0029DDE6 /* Core Data */,
				B16C271823C4E0880029DDE6 /* View Controllers */,
				B16C271623C4E03A0029DDE6 /* Supporting Files */,
				B16C271923C4E0A50029DDE6 /* Views */,
				096F34DD23BE716A00FDC923 /* Frequency.swift */,
				B16C271223C4DF440029DDE6 /* Collection+Extensions.swift */,
			);
			path = CleanReminder;
			sourceTree = "<group>";
		};
		095C5E1D23BD3FCD00C59435 /* CleanReminderTests */ = {
			isa = PBXGroup;
			children = (
				095C5E1E23BD3FCD00C59435 /* CleanReminderTests.swift */,
				09DF07B023C8E25800131A3C /* CleanReminderTests.xctestplan */,
				095C5E2023BD3FCD00C59435 /* Info.plist */,
			);
			path = CleanReminderTests;
			sourceTree = "<group>";
		};
		B16C271623C4E03A0029DDE6 /* Supporting Files */ = {
			isa = PBXGroup;
			children = (
				095C5E0723BD3FCB00C59435 /* AppDelegate.swift */,
				095C5E0923BD3FCB00C59435 /* SceneDelegate.swift */,
				095C5E1023BD3FCC00C59435 /* Assets.xcassets */,
				095C5E1223BD3FCC00C59435 /* LaunchScreen.storyboard */,
				095C5E1523BD3FCC00C59435 /* Info.plist */,
			);
			path = "Supporting Files";
			sourceTree = "<group>";
		};
		B16C271723C4E06C0029DDE6 /* Core Data */ = {
			isa = PBXGroup;
			children = (
				095C5E2F23BD4B0F00C59435 /* CleanReminder.xcdatamodeld */,
				09BBC44923C12F8B00D1EFA7 /* Spot+CoreDataClass.swift */,
				095C5E2D23BD499100C59435 /* CoreDataStack.swift */,
				B16C271423C4DF6A0029DDE6 /* NSManagedObjectContext+Extensions.swift */,
			);
			path = "Core Data";
			sourceTree = "<group>";
		};
		B16C271823C4E0880029DDE6 /* View Controllers */ = {
			isa = PBXGroup;
			children = (
				095C5E2923BD43E000C59435 /* SpotListViewController.swift */,
				095C5E2B23BD487F00C59435 /* SpotDetailViewController.swift */,
				095C5E0D23BD3FCB00C59435 /* Main.storyboard */,
			);
			path = "View Controllers";
			sourceTree = "<group>";
		};
		B16C271923C4E0A50029DDE6 /* Views */ = {
			isa = PBXGroup;
			children = (
				092FEE4823C1378D00060CCE /* FrequencyPicker.swift */,
				09DF07A523C3C5ED00131A3C /* SpotTableViewCell.swift */,
				09DF07A623C3C5ED00131A3C /* SpotTableViewCell.xib */,
			);
			path = Views;
			sourceTree = "<group>";
		};
/* End PBXGroup section */

/* Begin PBXNativeTarget section */
		095C5E0323BD3FCB00C59435 /* CleanReminder */ = {
			isa = PBXNativeTarget;
			buildConfigurationList = 095C5E2323BD3FCD00C59435 /* Build configuration list for PBXNativeTarget "CleanReminder" */;
			buildPhases = (
				095C5E0023BD3FCB00C59435 /* Sources */,
				095C5E0123BD3FCB00C59435 /* Frameworks */,
				095C5E0223BD3FCB00C59435 /* Resources */,
			);
			buildRules = (
			);
			dependencies = (
			);
			name = CleanReminder;
			productName = CleanReminder;
			productReference = 095C5E0423BD3FCB00C59435 /* CleanReminder.app */;
			productType = "com.apple.product-type.application";
		};
		095C5E1923BD3FCD00C59435 /* CleanReminderTests */ = {
			isa = PBXNativeTarget;
			buildConfigurationList = 095C5E2623BD3FCD00C59435 /* Build configuration list for PBXNativeTarget "CleanReminderTests" */;
			buildPhases = (
				095C5E1623BD3FCD00C59435 /* Sources */,
				095C5E1723BD3FCD00C59435 /* Frameworks */,
				095C5E1823BD3FCD00C59435 /* Resources */,
			);
			buildRules = (
			);
			dependencies = (
				095C5E1C23BD3FCD00C59435 /* PBXTargetDependency */,
			);
			name = CleanReminderTests;
			productName = CleanReminderTests;
			productReference = 095C5E1A23BD3FCD00C59435 /* CleanReminderTests.xctest */;
			productType = "com.apple.product-type.bundle.unit-test";
		};
/* End PBXNativeTarget section */

/* Begin PBXProject section */
		095C5DFC23BD3FCB00C59435 /* Project object */ = {
			isa = PBXProject;
			attributes = {
				LastSwiftUpdateCheck = 1130;
				LastUpgradeCheck = 1130;
				ORGANIZATIONNAME = "Andrius Shiaulis";
				TargetAttributes = {
					095C5E0323BD3FCB00C59435 = {
						CreatedOnToolsVersion = 11.3;
					};
					095C5E1923BD3FCD00C59435 = {
						CreatedOnToolsVersion = 11.3;
						TestTargetID = 095C5E0323BD3FCB00C59435;
					};
				};
			};
			buildConfigurationList = 095C5DFF23BD3FCB00C59435 /* Build configuration list for PBXProject "CleanReminder" */;
			compatibilityVersion = "Xcode 9.3";
			developmentRegion = en;
			hasScannedForEncodings = 0;
			knownRegions = (
				en,
				Base,
			);
			mainGroup = 095C5DFB23BD3FCB00C59435;
			productRefGroup = 095C5E0523BD3FCB00C59435 /* Products */;
			projectDirPath = "";
			projectRoot = "";
			targets = (
				095C5E0323BD3FCB00C59435 /* CleanReminder */,
				095C5E1923BD3FCD00C59435 /* CleanReminderTests */,
			);
		};
/* End PBXProject section */

/* Begin PBXResourcesBuildPhase section */
		095C5E0223BD3FCB00C59435 /* Resources */ = {
			isa = PBXResourcesBuildPhase;
			buildActionMask = 2147483647;
			files = (
				095C5E1423BD3FCC00C59435 /* LaunchScreen.storyboard in Resources */,
				095C5E1123BD3FCC00C59435 /* Assets.xcassets in Resources */,
				095C5E0F23BD3FCB00C59435 /* Main.storyboard in Resources */,
				09DF07A823C3C5ED00131A3C /* SpotTableViewCell.xib in Resources */,
			);
			runOnlyForDeploymentPostprocessing = 0;
		};
		095C5E1823BD3FCD00C59435 /* Resources */ = {
			isa = PBXResourcesBuildPhase;
			buildActionMask = 2147483647;
			files = (
			);
			runOnlyForDeploymentPostprocessing = 0;
		};
/* End PBXResourcesBuildPhase section */

/* Begin PBXSourcesBuildPhase section */
		095C5E0023BD3FCB00C59435 /* Sources */ = {
			isa = PBXSourcesBuildPhase;
			buildActionMask = 2147483647;
			files = (
				095C5E2E23BD499100C59435 /* CoreDataStack.swift in Sources */,
				095C5E0823BD3FCB00C59435 /* AppDelegate.swift in Sources */,
				095C5E2C23BD487F00C59435 /* SpotDetailViewController.swift in Sources */,
				B16C271323C4DF440029DDE6 /* Collection+Extensions.swift in Sources */,
				09DF07A723C3C5ED00131A3C /* SpotTableViewCell.swift in Sources */,
				096F34DE23BE716A00FDC923 /* Frequency.swift in Sources */,
				092FEE4923C1378D00060CCE /* FrequencyPicker.swift in Sources */,
				095C5E2A23BD43E000C59435 /* SpotListViewController.swift in Sources */,
				09BBC44B23C12F8B00D1EFA7 /* Spot+CoreDataClass.swift in Sources */,
				095C5E0A23BD3FCB00C59435 /* SceneDelegate.swift in Sources */,
				095C5E3123BD4B0F00C59435 /* CleanReminder.xcdatamodeld in Sources */,
				B16C271523C4DF6A0029DDE6 /* NSManagedObjectContext+Extensions.swift in Sources */,
			);
			runOnlyForDeploymentPostprocessing = 0;
		};
		095C5E1623BD3FCD00C59435 /* Sources */ = {
			isa = PBXSourcesBuildPhase;
			buildActionMask = 2147483647;
			files = (
				095C5E1F23BD3FCD00C59435 /* CleanReminderTests.swift in Sources */,
			);
			runOnlyForDeploymentPostprocessing = 0;
		};
/* End PBXSourcesBuildPhase section */

/* Begin PBXTargetDependency section */
		095C5E1C23BD3FCD00C59435 /* PBXTargetDependency */ = {
			isa = PBXTargetDependency;
			target = 095C5E0323BD3FCB00C59435 /* CleanReminder */;
			targetProxy = 095C5E1B23BD3FCD00C59435 /* PBXContainerItemProxy */;
		};
/* End PBXTargetDependency section */

/* Begin PBXVariantGroup section */
		095C5E0D23BD3FCB00C59435 /* Main.storyboard */ = {
			isa = PBXVariantGroup;
			children = (
				095C5E0E23BD3FCB00C59435 /* Base */,
			);
			name = Main.storyboard;
			sourceTree = "<group>";
		};
		095C5E1223BD3FCC00C59435 /* LaunchScreen.storyboard */ = {
			isa = PBXVariantGroup;
			children = (
				095C5E1323BD3FCC00C59435 /* Base */,
			);
			name = LaunchScreen.storyboard;
			sourceTree = "<group>";
		};
/* End PBXVariantGroup section */

/* Begin XCBuildConfiguration section */
		095C5E2123BD3FCD00C59435 /* Debug */ = {
			isa = XCBuildConfiguration;
			buildSettings = {
				ALWAYS_SEARCH_USER_PATHS = NO;
				CLANG_ANALYZER_NONNULL = YES;
				CLANG_ANALYZER_NUMBER_OBJECT_CONVERSION = YES_AGGRESSIVE;
				CLANG_CXX_LANGUAGE_STANDARD = "gnu++14";
				CLANG_CXX_LIBRARY = "libc++";
				CLANG_ENABLE_MODULES = YES;
				CLANG_ENABLE_OBJC_ARC = YES;
				CLANG_ENABLE_OBJC_WEAK = YES;
				CLANG_WARN_BLOCK_CAPTURE_AUTORELEASING = YES;
				CLANG_WARN_BOOL_CONVERSION = YES;
				CLANG_WARN_COMMA = YES;
				CLANG_WARN_CONSTANT_CONVERSION = YES;
				CLANG_WARN_DEPRECATED_OBJC_IMPLEMENTATIONS = YES;
				CLANG_WARN_DIRECT_OBJC_ISA_USAGE = YES_ERROR;
				CLANG_WARN_DOCUMENTATION_COMMENTS = YES;
				CLANG_WARN_EMPTY_BODY = YES;
				CLANG_WARN_ENUM_CONVERSION = YES;
				CLANG_WARN_INFINITE_RECURSION = YES;
				CLANG_WARN_INT_CONVERSION = YES;
				CLANG_WARN_NON_LITERAL_NULL_CONVERSION = YES;
				CLANG_WARN_OBJC_IMPLICIT_RETAIN_SELF = YES;
				CLANG_WARN_OBJC_LITERAL_CONVERSION = YES;
				CLANG_WARN_OBJC_ROOT_CLASS = YES_ERROR;
				CLANG_WARN_RANGE_LOOP_ANALYSIS = YES;
				CLANG_WARN_STRICT_PROTOTYPES = YES;
				CLANG_WARN_SUSPICIOUS_MOVE = YES;
				CLANG_WARN_UNGUARDED_AVAILABILITY = YES_AGGRESSIVE;
				CLANG_WARN_UNREACHABLE_CODE = YES;
				CLANG_WARN__DUPLICATE_METHOD_MATCH = YES;
				COPY_PHASE_STRIP = NO;
				DEBUG_INFORMATION_FORMAT = dwarf;
				ENABLE_STRICT_OBJC_MSGSEND = YES;
				ENABLE_TESTABILITY = YES;
				GCC_C_LANGUAGE_STANDARD = gnu11;
				GCC_DYNAMIC_NO_PIC = NO;
				GCC_NO_COMMON_BLOCKS = YES;
				GCC_OPTIMIZATION_LEVEL = 0;
				GCC_PREPROCESSOR_DEFINITIONS = (
					"DEBUG=1",
					"$(inherited)",
				);
				GCC_WARN_64_TO_32_BIT_CONVERSION = YES;
				GCC_WARN_ABOUT_RETURN_TYPE = YES_ERROR;
				GCC_WARN_UNDECLARED_SELECTOR = YES;
				GCC_WARN_UNINITIALIZED_AUTOS = YES_AGGRESSIVE;
				GCC_WARN_UNUSED_FUNCTION = YES;
				GCC_WARN_UNUSED_VARIABLE = YES;
				IPHONEOS_DEPLOYMENT_TARGET = 13.2;
				MTL_ENABLE_DEBUG_INFO = INCLUDE_SOURCE;
				MTL_FAST_MATH = YES;
				ONLY_ACTIVE_ARCH = YES;
				SDKROOT = iphoneos;
				SWIFT_ACTIVE_COMPILATION_CONDITIONS = DEBUG;
				SWIFT_OPTIMIZATION_LEVEL = "-Onone";
			};
			name = Debug;
		};
		095C5E2223BD3FCD00C59435 /* Release */ = {
			isa = XCBuildConfiguration;
			buildSettings = {
				ALWAYS_SEARCH_USER_PATHS = NO;
				CLANG_ANALYZER_NONNULL = YES;
				CLANG_ANALYZER_NUMBER_OBJECT_CONVERSION = YES_AGGRESSIVE;
				CLANG_CXX_LANGUAGE_STANDARD = "gnu++14";
				CLANG_CXX_LIBRARY = "libc++";
				CLANG_ENABLE_MODULES = YES;
				CLANG_ENABLE_OBJC_ARC = YES;
				CLANG_ENABLE_OBJC_WEAK = YES;
				CLANG_WARN_BLOCK_CAPTURE_AUTORELEASING = YES;
				CLANG_WARN_BOOL_CONVERSION = YES;
				CLANG_WARN_COMMA = YES;
				CLANG_WARN_CONSTANT_CONVERSION = YES;
				CLANG_WARN_DEPRECATED_OBJC_IMPLEMENTATIONS = YES;
				CLANG_WARN_DIRECT_OBJC_ISA_USAGE = YES_ERROR;
				CLANG_WARN_DOCUMENTATION_COMMENTS = YES;
				CLANG_WARN_EMPTY_BODY = YES;
				CLANG_WARN_ENUM_CONVERSION = YES;
				CLANG_WARN_INFINITE_RECURSION = YES;
				CLANG_WARN_INT_CONVERSION = YES;
				CLANG_WARN_NON_LITERAL_NULL_CONVERSION = YES;
				CLANG_WARN_OBJC_IMPLICIT_RETAIN_SELF = YES;
				CLANG_WARN_OBJC_LITERAL_CONVERSION = YES;
				CLANG_WARN_OBJC_ROOT_CLASS = YES_ERROR;
				CLANG_WARN_RANGE_LOOP_ANALYSIS = YES;
				CLANG_WARN_STRICT_PROTOTYPES = YES;
				CLANG_WARN_SUSPICIOUS_MOVE = YES;
				CLANG_WARN_UNGUARDED_AVAILABILITY = YES_AGGRESSIVE;
				CLANG_WARN_UNREACHABLE_CODE = YES;
				CLANG_WARN__DUPLICATE_METHOD_MATCH = YES;
				COPY_PHASE_STRIP = NO;
				DEBUG_INFORMATION_FORMAT = "dwarf-with-dsym";
				ENABLE_NS_ASSERTIONS = NO;
				ENABLE_STRICT_OBJC_MSGSEND = YES;
				GCC_C_LANGUAGE_STANDARD = gnu11;
				GCC_NO_COMMON_BLOCKS = YES;
				GCC_WARN_64_TO_32_BIT_CONVERSION = YES;
				GCC_WARN_ABOUT_RETURN_TYPE = YES_ERROR;
				GCC_WARN_UNDECLARED_SELECTOR = YES;
				GCC_WARN_UNINITIALIZED_AUTOS = YES_AGGRESSIVE;
				GCC_WARN_UNUSED_FUNCTION = YES;
				GCC_WARN_UNUSED_VARIABLE = YES;
				IPHONEOS_DEPLOYMENT_TARGET = 13.2;
				MTL_ENABLE_DEBUG_INFO = NO;
				MTL_FAST_MATH = YES;
				SDKROOT = iphoneos;
				SWIFT_COMPILATION_MODE = wholemodule;
				SWIFT_OPTIMIZATION_LEVEL = "-O";
				VALIDATE_PRODUCT = YES;
			};
			name = Release;
		};
		095C5E2423BD3FCD00C59435 /* Debug */ = {
			isa = XCBuildConfiguration;
			buildSettings = {
				ASSETCATALOG_COMPILER_APPICON_NAME = AppIcon;
				CODE_SIGN_STYLE = Automatic;
				DEVELOPMENT_TEAM = NFA8F38A32;
				INFOPLIST_FILE = "CleanReminder/Supporting Files/Info.plist";
				LD_RUNPATH_SEARCH_PATHS = (
					"$(inherited)",
					"@executable_path/Frameworks",
				);
				PRODUCT_BUNDLE_IDENTIFIER = com.shiaulis.CleanReminder;
				PRODUCT_NAME = "$(TARGET_NAME)";
				SWIFT_VERSION = 5.0;
				TARGETED_DEVICE_FAMILY = "1,2";
			};
			name = Debug;
		};
		095C5E2523BD3FCD00C59435 /* Release */ = {
			isa = XCBuildConfiguration;
			buildSettings = {
				ASSETCATALOG_COMPILER_APPICON_NAME = AppIcon;
				CODE_SIGN_STYLE = Automatic;
				DEVELOPMENT_TEAM = NFA8F38A32;
				INFOPLIST_FILE = "CleanReminder/Supporting Files/Info.plist";
				LD_RUNPATH_SEARCH_PATHS = (
					"$(inherited)",
					"@executable_path/Frameworks",
				);
				PRODUCT_BUNDLE_IDENTIFIER = com.shiaulis.CleanReminder;
				PRODUCT_NAME = "$(TARGET_NAME)";
				SWIFT_VERSION = 5.0;
				TARGETED_DEVICE_FAMILY = "1,2";
			};
			name = Release;
		};
		095C5E2723BD3FCD00C59435 /* Debug */ = {
			isa = XCBuildConfiguration;
			buildSettings = {
				ALWAYS_EMBED_SWIFT_STANDARD_LIBRARIES = YES;
				BUNDLE_LOADER = "$(TEST_HOST)";
				CODE_SIGN_STYLE = Automatic;
				DEVELOPMENT_TEAM = NFA8F38A32;
				INFOPLIST_FILE = CleanReminderTests/Info.plist;
				IPHONEOS_DEPLOYMENT_TARGET = 13.2;
				LD_RUNPATH_SEARCH_PATHS = (
					"$(inherited)",
					"@executable_path/Frameworks",
					"@loader_path/Frameworks",
				);
				PRODUCT_BUNDLE_IDENTIFIER = com.shiaulis.CleanReminderTests;
				PRODUCT_NAME = "$(TARGET_NAME)";
				SWIFT_VERSION = 5.0;
				TARGETED_DEVICE_FAMILY = "1,2";
				TEST_HOST = "$(BUILT_PRODUCTS_DIR)/CleanReminder.app/CleanReminder";
			};
			name = Debug;
		};
		095C5E2823BD3FCD00C59435 /* Release */ = {
			isa = XCBuildConfiguration;
			buildSettings = {
				ALWAYS_EMBED_SWIFT_STANDARD_LIBRARIES = YES;
				BUNDLE_LOADER = "$(TEST_HOST)";
				CODE_SIGN_STYLE = Automatic;
				DEVELOPMENT_TEAM = NFA8F38A32;
				INFOPLIST_FILE = CleanReminderTests/Info.plist;
				IPHONEOS_DEPLOYMENT_TARGET = 13.2;
				LD_RUNPATH_SEARCH_PATHS = (
					"$(inherited)",
					"@executable_path/Frameworks",
					"@loader_path/Frameworks",
				);
				PRODUCT_BUNDLE_IDENTIFIER = com.shiaulis.CleanReminderTests;
				PRODUCT_NAME = "$(TARGET_NAME)";
				SWIFT_VERSION = 5.0;
				TARGETED_DEVICE_FAMILY = "1,2";
				TEST_HOST = "$(BUILT_PRODUCTS_DIR)/CleanReminder.app/CleanReminder";
			};
			name = Release;
		};
/* End XCBuildConfiguration section */

/* Begin XCConfigurationList section */
		095C5DFF23BD3FCB00C59435 /* Build configuration list for PBXProject "CleanReminder" */ = {
			isa = XCConfigurationList;
			buildConfigurations = (
				095C5E2123BD3FCD00C59435 /* Debug */,
				095C5E2223BD3FCD00C59435 /* Release */,
			);
			defaultConfigurationIsVisible = 0;
			defaultConfigurationName = Release;
		};
		095C5E2323BD3FCD00C59435 /* Build configuration list for PBXNativeTarget "CleanReminder" */ = {
			isa = XCConfigurationList;
			buildConfigurations = (
				095C5E2423BD3FCD00C59435 /* Debug */,
				095C5E2523BD3FCD00C59435 /* Release */,
			);
			defaultConfigurationIsVisible = 0;
			defaultConfigurationName = Release;
		};
		095C5E2623BD3FCD00C59435 /* Build configuration list for PBXNativeTarget "CleanReminderTests" */ = {
			isa = XCConfigurationList;
			buildConfigurations = (
				095C5E2723BD3FCD00C59435 /* Debug */,
				095C5E2823BD3FCD00C59435 /* Release */,
			);
			defaultConfigurationIsVisible = 0;
			defaultConfigurationName = Release;
		};
/* End XCConfigurationList section */

/* Begin XCVersionGroup section */
		095C5E2F23BD4B0F00C59435 /* CleanReminder.xcdatamodeld */ = {
			isa = XCVersionGroup;
			children = (
				095C5E3023BD4B0F00C59435 /* CleanReminder.xcdatamodel */,
			);
			currentVersion = 095C5E3023BD4B0F00C59435 /* CleanReminder.xcdatamodel */;
			path = CleanReminder.xcdatamodeld;
			sourceTree = "<group>";
			versionGroupType = wrapper.xcdatamodel;
		};
/* End XCVersionGroup section */
	};
	rootObject = 095C5DFC23BD3FCB00C59435 /* Project object */;
}
